// !$*UTF8*$!
{
	archiveVersion = 1;
	classes = {
	};
	objectVersion = 46;
	objects = {

/* Begin PBXBuildFile section */
		47DCC5381E2EE1470050A4F0 /* AppDelegate.swift in Sources */ = {isa = PBXBuildFile; fileRef = 47DCC5371E2EE1470050A4F0 /* AppDelegate.swift */; };
		47DCC53A1E2EE1470050A4F0 /* ViewController.swift in Sources */ = {isa = PBXBuildFile; fileRef = 47DCC5391E2EE1470050A4F0 /* ViewController.swift */; };
		47DCC53D1E2EE1470050A4F0 /* Main.storyboard in Resources */ = {isa = PBXBuildFile; fileRef = 47DCC53B1E2EE1470050A4F0 /* Main.storyboard */; };
		47DCC53F1E2EE1470050A4F0 /* Assets.xcassets in Resources */ = {isa = PBXBuildFile; fileRef = 47DCC53E1E2EE1470050A4F0 /* Assets.xcassets */; };
		47DCC5421E2EE1470050A4F0 /* LaunchScreen.storyboard in Resources */ = {isa = PBXBuildFile; fileRef = 47DCC5401E2EE1470050A4F0 /* LaunchScreen.storyboard */; };
/* End PBXBuildFile section */

/* Begin PBXFileReference section */
		47DCC5341E2EE1470050A4F0 /* Tap Game.app */ = {isa = PBXFileReference; explicitFileType = wrapper.application; includeInIndex = 0; path = "Tap Game.app"; sourceTree = BUILT_PRODUCTS_DIR; };
		47DCC5371E2EE1470050A4F0 /* AppDelegate.swift */ = {isa = PBXFileReference; lastKnownFileType = sourcecode.swift; path = AppDelegate.swift; sourceTree = "<group>"; };
		47DCC5391E2EE1470050A4F0 /* ViewController.swift */ = {isa = PBXFileReference; lastKnownFileType = sourcecode.swift; path = ViewController.swift; sourceTree = "<group>"; };
		47DCC53C1E2EE1470050A4F0 /* Base */ = {isa = PBXFileReference; lastKnownFileType = file.storyboard; name = Base; path = Base.lproj/Main.storyboard; sourceTree = "<group>"; };
		47DCC53E1E2EE1470050A4F0 /* Assets.xcassets */ = {isa = PBXFileReference; lastKnownFileType = folder.assetcatalog; path = Assets.xcassets; sourceTree = "<group>"; };
		47DCC5411E2EE1470050A4F0 /* Base */ = {isa = PBXFileReference; lastKnownFileType = file.storyboard; name = Base; path = Base.lproj/LaunchScreen.storyboard; sourceTree = "<group>"; };
		47DCC5431E2EE1470050A4F0 /* Info.plist */ = {isa = PBXFileReference; lastKnownFileType = text.plist.xml; path = Info.plist; sourceTree = "<group>"; };
/* End PBXFileReference section */

/* Begin PBXFrameworksBuildPhase section */
		47DCC5311E2EE1470050A4F0 /* Frameworks */ = {
			isa = PBXFrameworksBuildPhase;
			buildActionMask = 2147483647;
			files = (
			);
			runOnlyForDeploymentPostprocessing = 0;
		};
/* End PBXFrameworksBuildPhase section */

/* Begin PBXGroup section */
		47DCC52B1E2EE1460050A4F0 = {
			isa = PBXGroup;
			children = (
				47DCC5361E2EE1470050A4F0 /* Tap Game */,
				47DCC5351E2EE1470050A4F0 /* Products */,
			);
			sourceTree = "<group>";
		};
		47DCC5351E2EE1470050A4F0 /* Products */ = {
			isa = PBXGroup;
			children = (
				47DCC5341E2EE1470050A4F0 /* Tap Game.app */,
			);
			name = Products;
			sourceTree = "<group>";
		};
		47DCC5361E2EE1470050A4F0 /* Tap Game */ = {
			isa = PBXGroup;
			children = (
				47DCC5371E2EE1470050A4F0 /* AppDelegate.swift */,
				47DCC5391E2EE1470050A4F0 /* ViewController.swift */,
				47DCC53B1E2EE1470050A4F0 /* Main.storyboard */,
				47DCC53E1E2EE1470050A4F0 /* Assets.xcassets */,
				47DCC5401E2EE1470050A4F0 /* LaunchScreen.storyboard */,
				47DCC5431E2EE1470050A4F0 /* Info.plist */,
			);
			path = "Tap Game";
			sourceTree = "<group>";
		};
/* End PBXGroup section */

/* Begin PBXNativeTarget section */
		47DCC5331E2EE1470050A4F0 /* Tap Game */ = {
			isa = PBXNativeTarget;
			buildConfigurationList = 47DCC5461E2EE1470050A4F0 /* Build configuration list for PBXNativeTarget "Tap Game" */;
			buildPhases = (
				47DCC5301E2EE1470050A4F0 /* Sources */,
				47DCC5311E2EE1470050A4F0 /* Frameworks */,
				47DCC5321E2EE1470050A4F0 /* Resources */,
			);
			buildRules = (
			);
			dependencies = (
			);
			name = "Tap Game";
			productName = "Tap Game";
			productReference = 47DCC5341E2EE1470050A4F0 /* Tap Game.app */;
			productType = "com.apple.product-type.application";
		};
/* End PBXNativeTarget section */

/* Begin PBXProject section */
		47DCC52C1E2EE1460050A4F0 /* Project object */ = {
			isa = PBXProject;
			attributes = {
				LastSwiftUpdateCheck = 0820;
				LastUpgradeCheck = 0820;
				ORGANIZATIONNAME = "Armando Silveira";
				TargetAttributes = {
					47DCC5331E2EE1470050A4F0 = {
						CreatedOnToolsVersion = 8.2.1;
						ProvisioningStyle = Automatic;
					};
				};
			};
			buildConfigurationList = 47DCC52F1E2EE1460050A4F0 /* Build configuration list for PBXProject "Tap Game" */;
			compatibilityVersion = "Xcode 3.2";
			developmentRegion = English;
			hasScannedForEncodings = 0;
			knownRegions = (
				en,
				Base,
			);
			mainGroup = 47DCC52B1E2EE1460050A4F0;
			productRefGroup = 47DCC5351E2EE1470050A4F0 /* Products */;
			projectDirPath = "";
			projectRoot = "";
			targets = (
				47DCC5331E2EE1470050A4F0 /* Tap Game */,
			);
		};
/* End PBXProject section */

/* Begin PBXResourcesBuildPhase section */
		47DCC5321E2EE1470050A4F0 /* Resources */ = {
			isa = PBXResourcesBuildPhase;
			buildActionMask = 2147483647;
			files = (
				47DCC5421E2EE1470050A4F0 /* LaunchScreen.storyboard in Resources */,
				47DCC53F1E2EE1470050A4F0 /* Assets.xcassets in Resources */,
				47DCC53D1E2EE1470050A4F0 /* Main.storyboard in Resources */,
			);
			runOnlyForDeploymentPostprocessing = 0;
		};
/* End PBXResourcesBuildPhase section */

/* Begin PBXSourcesBuildPhase section */
		47DCC5301E2EE1470050A4F0 /* Sources */ = {
			isa = PBXSourcesBuildPhase;
			buildActionMask = 2147483647;
			files = (
				47DCC53A1E2EE1470050A4F0 /* ViewController.swift in Sources */,
				47DCC5381E2EE1470050A4F0 /* AppDelegate.swift in Sources */,
			);
			runOnlyForDeploymentPostprocessing = 0;
		};
/* End PBXSourcesBuildPhase section */

/* Begin PBXVariantGroup section */
		47DCC53B1E2EE1470050A4F0 /* Main.storyboard */ = {
			isa = PBXVariantGroup;
			children = (
				47DCC53C1E2EE1470050A4F0 /* Base */,
			);
			name = Main.storyboard;
			sourceTree = "<group>";
		};
		47DCC5401E2EE1470050A4F0 /* LaunchScreen.storyboard */ = {
			isa = PBXVariantGroup;
			children = (
				47DCC5411E2EE1470050A4F0 /* Base */,
			);
			name = LaunchScreen.storyboard;
			sourceTree = "<group>";
		};
/* End PBXVariantGroup section */

/* Begin XCBuildConfiguration section */
		47DCC5441E2EE1470050A4F0 /* Debug */ = {
			isa = XCBuildConfiguration;
			buildSettings = {
				ALWAYS_SEARCH_USER_PATHS = NO;
				CLANG_ANALYZER_NONNULL = YES;
				CLANG_CXX_LANGUAGE_STANDARD = "gnu++0x";
				CLANG_CXX_LIBRARY = "libc++";
				CLANG_ENABLE_MODULES = YES;
				CLANG_ENABLE_OBJC_ARC = YES;
				CLANG_WARN_BOOL_CONVERSION = YES;
				CLANG_WARN_CONSTANT_CONVERSION = YES;
				CLANG_WARN_DIRECT_OBJC_ISA_USAGE = YES_ERROR;
				CLANG_WARN_DOCUMENTATION_COMMENTS = YES;
				CLANG_WARN_EMPTY_BODY = YES;
				CLANG_WARN_ENUM_CONVERSION = YES;
				CLANG_WARN_INFINITE_RECURSION = YES;
				CLANG_WARN_INT_CONVERSION = YES;
				CLANG_WARN_OBJC_ROOT_CLASS = YES_ERROR;
				CLANG_WARN_SUSPICIOUS_MOVE = YES;
				CLANG_WARN_UNREACHABLE_CODE = YES;
				CLANG_WARN__DUPLICATE_METHOD_MATCH = YES;
				"CODE_SIGN_IDENTITY[sdk=iphoneos*]" = "iPhone Developer";
				COPY_PHASE_STRIP = NO;
				DEBUG_INFORMATION_FORMAT = dwarf;
				ENABLE_STRICT_OBJC_MSGSEND = YES;
				ENABLE_TESTABILITY = YES;
				GCC_C_LANGUAGE_STANDARD = gnu99;
				GCC_DYNAMIC_NO_PIC = NO;
				GCC_NO_COMMON_BLOCKS = YES;
				GCC_OPTIMIZATION_LEVEL = 0;
				GCC_PREPROCESSOR_DEFINITIONS = (
					"DEBUG=1",
					"$(inherited)",
				);
				GCC_WARN_64_TO_32_BIT_CONVERSION = YES;
				GCC_WARN_ABOUT_RETURN_TYPE = YES_ERROR;
				GCC_WARN_UNDECLARED_SELECTOR = YES;
				GCC_WARN_UNINITIALIZED_AUTOS = YES_AGGRESSIVE;
				GCC_WARN_UNUSED_FUNCTION = YES;
				GCC_WARN_UNUSED_VARIABLE = YES;
				IPHONEOS_DEPLOYMENT_TARGET = 10.2;
				MTL_ENABLE_DEBUG_INFO = YES;
				ONLY_ACTIVE_ARCH = YES;
				SDKROOT = iphoneos;
				SWIFT_ACTIVE_COMPILATION_CONDITIONS = DEBUG;
				SWIFT_OPTIMIZATION_LEVEL = "-Onone";
				TARGETED_DEVICE_FAMILY = "1,2";
			};
			name = Debug;
		};
		47DCC5451E2EE1470050A4F0 /* Release */ = {
			isa = XCBuildConfiguration;
			buildSettings = {
				ALWAYS_SEARCH_USER_PATHS = NO;
				CLANG_ANALYZER_NONNULL = YES;
				CLANG_CXX_LANGUAGE_STANDARD = "gnu++0x";
				CLANG_CXX_LIBRARY = "libc++";
				CLANG_ENABLE_MODULES = YES;
				CLANG_ENABLE_OBJC_ARC = YES;
				CLANG_WARN_BOOL_CONVERSION = YES;
				CLANG_WARN_CONSTANT_CONVERSION = YES;
				CLANG_WARN_DIRECT_OBJC_ISA_USAGE = YES_ERROR;
				CLANG_WARN_DOCUMENTATION_COMMENTS = YES;
				CLANG_WARN_EMPTY_BODY = YES;
				CLANG_WARN_ENUM_CONVERSION = YES;
				CLANG_WARN_INFINITE_RECURSION = YES;
				CLANG_WARN_INT_CONVERSION = YES;
				CLANG_WARN_OBJC_ROOT_CLASS = YES_ERROR;
				CLANG_WARN_SUSPICIOUS_MOVE = YES;
				CLANG_WARN_UNREACHABLE_CODE = YES;
				CLANG_WARN__DUPLICATE_METHOD_MATCH = YES;
				"CODE_SIGN_IDENTITY[sdk=iphoneos*]" = "iPhone Developer";
				COPY_PHASE_STRIP = NO;
				DEBUG_INFORMATION_FORMAT = "dwarf-with-dsym";
				ENABLE_NS_ASSERTIONS = NO;
				ENABLE_STRICT_OBJC_MSGSEND = YES;
				GCC_C_LANGUAGE_STANDARD = gnu99;
				GCC_NO_COMMON_BLOCKS = YES;
				GCC_WARN_64_TO_32_BIT_CONVERSION = YES;
				GCC_WARN_ABOUT_RETURN_TYPE = YES_ERROR;
				GCC_WARN_UNDECLARED_SELECTOR = YES;
				GCC_WARN_UNINITIALIZED_AUTOS = YES_AGGRESSIVE;
				GCC_WARN_UNUSED_FUNCTION = YES;
				GCC_WARN_UNUSED_VARIABLE = YES;
				IPHONEOS_DEPLOYMENT_TARGET = 10.2;
				MTL_ENABLE_DEBUG_INFO = NO;
				SDKROOT = iphoneos;
				SWIFT_OPTIMIZATION_LEVEL = "-Owholemodule";
				TARGETED_DEVICE_FAMILY = "1,2";
				VALIDATE_PRODUCT = YES;
			};
			name = Release;
		};
		47DCC5471E2EE1470050A4F0 /* Debug */ = {
			isa = XCBuildConfiguration;
			buildSettings = {
				ASSETCATALOG_COMPILER_APPICON_NAME = AppIcon;
				INFOPLIST_FILE = "Tap Game/Info.plist";
				IPHONEOS_DEPLOYMENT_TARGET = 10;
				LD_RUNPATH_SEARCH_PATHS = "$(inherited) @executable_path/Frameworks";
				PRODUCT_BUNDLE_IDENTIFIER = "com.TheArmando.Tap-Game";
				PRODUCT_NAME = "$(TARGET_NAME)";
				SWIFT_VERSION = 3.0;
			};
			name = Debug;
		};
		47DCC5481E2EE1470050A4F0 /* Release */ = {
			isa = XCBuildConfiguration;
			buildSettings = {
				ASSETCATALOG_COMPILER_APPICON_NAME = AppIcon;
				INFOPLIST_FILE = "Tap Game/Info.plist";
				IPHONEOS_DEPLOYMENT_TARGET = 10;
				LD_RUNPATH_SEARCH_PATHS = "$(inherited) @executable_path/Frameworks";
				PRODUCT_BUNDLE_IDENTIFIER = "com.TheArmando.Tap-Game";
				PRODUCT_NAME = "$(TARGET_NAME)";
				SWIFT_VERSION = 3.0;
			};
			name = Release;
		};
/* End XCBuildConfiguration section */

/* Begin XCConfigurationList section */
		47DCC52F1E2EE1460050A4F0 /* Build configuration list for PBXProject "Tap Game" */ = {
			isa = XCConfigurationList;
			buildConfigurations = (
				47DCC5441E2EE1470050A4F0 /* Debug */,
				47DCC5451E2EE1470050A4F0 /* Release */,
			);
			defaultConfigurationIsVisible = 0;
			defaultConfigurationName = Release;
		};
		47DCC5461E2EE1470050A4F0 /* Build configuration list for PBXNativeTarget "Tap Game" */ = {
			isa = XCConfigurationList;
			buildConfigurations = (
				47DCC5471E2EE1470050A4F0 /* Debug */,
				47DCC5481E2EE1470050A4F0 /* Release */,
			);
			defaultConfigurationIsVisible = 0;
			defaultConfigurationName = Release;
		};
/* End XCConfigurationList section */
	};
	rootObject = 47DCC52C1E2EE1460050A4F0 /* Project object */;
}
